
Microsoft Visual Studio Solution File, Format Version 12.00
# Visual Studio Version 17
VisualStudioVersion = 17.5.002.0
MinimumVisualStudioVersion = 10.0.40219.1
Project("{9A19103F-16F7-4668-BE54-9A1E7A4F7556}") = "Azurdev", "Azurdev.csproj", "{E4782DF4-8776-4503-BF6A-6CDB99C5B8CE}"
EndProject
Global
	GlobalSection(SolutionConfigurationPlatforms) = preSolution
		Debug|Any CPU = Debug|Any CPU
		Release|Any CPU = Release|Any CPU
	EndGlobalSection
	GlobalSection(ProjectConfigurationPlatforms) = postSolution
		{E4782DF4-8776-4503-BF6A-6CDB99C5B8CE}.Debug|Any CPU.ActiveCfg = Debug|Any CPU
		{E4782DF4-8776-4503-BF6A-6CDB99C5B8CE}.Debug|Any CPU.Build.0 = Debug|Any CPU
		{E4782DF4-8776-4503-BF6A-6CDB99C5B8CE}.Release|Any CPU.ActiveCfg = Release|Any CPU
		{E4782DF4-8776-4503-BF6A-6CDB99C5B8CE}.Release|Any CPU.Build.0 = Release|Any CPU
	EndGlobalSection
	GlobalSection(SolutionProperties) = preSolution
		HideSolutionNode = FALSE
	EndGlobalSection
	GlobalSection(ExtensibilityGlobals) = postSolution
		SolutionGuid = {7EF68F3C-EFD2-42CC-84A0-1EBD2DADB2D1}
	EndGlobalSection
EndGlobal
